// !$*UTF8*$!
{
	archiveVersion = 1;
	classes = {
	};
	objectVersion = 46;
	objects = {

/* Begin PBXBuildFile section */
		772291991CD149E2003EC474 /* AFHTTPRequestOperation.m in Sources */ = {isa = PBXBuildFile; fileRef = 772291511CD149E2003EC474 /* AFHTTPRequestOperation.m */; };
		7722919A1CD149E2003EC474 /* AFHTTPRequestOperationManager.m in Sources */ = {isa = PBXBuildFile; fileRef = 772291531CD149E2003EC474 /* AFHTTPRequestOperationManager.m */; };
		7722919B1CD149E2003EC474 /* AFHTTPSessionManager.m in Sources */ = {isa = PBXBuildFile; fileRef = 772291551CD149E2003EC474 /* AFHTTPSessionManager.m */; };
		7722919C1CD149E2003EC474 /* AFNetworkReachabilityManager.m in Sources */ = {isa = PBXBuildFile; fileRef = 772291581CD149E2003EC474 /* AFNetworkReachabilityManager.m */; };
		7722919D1CD149E2003EC474 /* AFSecurityPolicy.m in Sources */ = {isa = PBXBuildFile; fileRef = 7722915A1CD149E2003EC474 /* AFSecurityPolicy.m */; };
		7722919E1CD149E2003EC474 /* AFURLConnectionOperation.m in Sources */ = {isa = PBXBuildFile; fileRef = 7722915C1CD149E2003EC474 /* AFURLConnectionOperation.m */; };
		7722919F1CD149E2003EC474 /* AFURLRequestSerialization.m in Sources */ = {isa = PBXBuildFile; fileRef = 7722915E1CD149E2003EC474 /* AFURLRequestSerialization.m */; };
		772291A01CD149E2003EC474 /* AFURLResponseSerialization.m in Sources */ = {isa = PBXBuildFile; fileRef = 772291601CD149E2003EC474 /* AFURLResponseSerialization.m */; };
		772291A11CD149E2003EC474 /* AFURLSessionManager.m in Sources */ = {isa = PBXBuildFile; fileRef = 772291621CD149E2003EC474 /* AFURLSessionManager.m */; };
		772291A21CD149E2003EC474 /* APTimeZones.m in Sources */ = {isa = PBXBuildFile; fileRef = 772291661CD149E2003EC474 /* APTimeZones.m */; };
		772291A31CD149E2003EC474 /* CLLocation+APTimeZones.m in Sources */ = {isa = PBXBuildFile; fileRef = 772291691CD149E2003EC474 /* CLLocation+APTimeZones.m */; };
		772291A41CD149E2003EC474 /* CLPlacemark+APTimeZones.m in Sources */ = {isa = PBXBuildFile; fileRef = 7722916B1CD149E2003EC474 /* CLPlacemark+APTimeZones.m */; };
		772291A51CD149E2003EC474 /* timezonesDB.json in Resources */ = {isa = PBXBuildFile; fileRef = 7722916C1CD149E2003EC474 /* timezonesDB.json */; };
		772291A61CD149E2003EC474 /* JFWeatherData.m in Sources */ = {isa = PBXBuildFile; fileRef = 7722916E1CD149E2003EC474 /* JFWeatherData.m */; };
		772291A71CD149E2003EC474 /* JFWeatherManager.m in Sources */ = {isa = PBXBuildFile; fileRef = 772291701CD149E2003EC474 /* JFWeatherManager.m */; };
		772291A81CD149E2003EC474 /* Clouds.m in Sources */ = {isa = PBXBuildFile; fileRef = 772291731CD149E2003EC474 /* Clouds.m */; };
		772291A91CD149E2003EC474 /* Coord.m in Sources */ = {isa = PBXBuildFile; fileRef = 772291751CD149E2003EC474 /* Coord.m */; };
		772291AA1CD149E2003EC474 /* Main.m in Sources */ = {isa = PBXBuildFile; fileRef = 772291781CD149E2003EC474 /* Main.m */; };
		772291AB1CD149E2003EC474 /* Rain.m in Sources */ = {isa = PBXBuildFile; fileRef = 7722917A1CD149E2003EC474 /* Rain.m */; };
		772291AC1CD149E2003EC474 /* Snow.m in Sources */ = {isa = PBXBuildFile; fileRef = 7722917C1CD149E2003EC474 /* Snow.m */; };
		772291AD1CD149E2003EC474 /* Sys.m in Sources */ = {isa = PBXBuildFile; fileRef = 7722917E1CD149E2003EC474 /* Sys.m */; };
		772291AE1CD149E2003EC474 /* Weather.m in Sources */ = {isa = PBXBuildFile; fileRef = 772291801CD149E2003EC474 /* Weather.m */; };
		772291AF1CD149E2003EC474 /* Wind.m in Sources */ = {isa = PBXBuildFile; fileRef = 772291821CD149E2003EC474 /* Wind.m */; };
		772291B01CD149E2003EC474 /* Info.plist in Resources */ = {isa = PBXBuildFile; fileRef = 772291841CD149E2003EC474 /* Info.plist */; };
		772291B11CD149E2003EC474 /* JSONModel.m in Sources */ = {isa = PBXBuildFile; fileRef = 772291871CD149E2003EC474 /* JSONModel.m */; };
		772291B21CD149E2003EC474 /* JSONModelClassProperty.m in Sources */ = {isa = PBXBuildFile; fileRef = 772291891CD149E2003EC474 /* JSONModelClassProperty.m */; };
		772291B31CD149E2003EC474 /* JSONModelError.m in Sources */ = {isa = PBXBuildFile; fileRef = 7722918B1CD149E2003EC474 /* JSONModelError.m */; };
		772291B41CD149E2003EC474 /* JSONAPI.m in Sources */ = {isa = PBXBuildFile; fileRef = 7722918F1CD149E2003EC474 /* JSONAPI.m */; };
		772291B51CD149E2003EC474 /* JSONHTTPClient.m in Sources */ = {isa = PBXBuildFile; fileRef = 772291911CD149E2003EC474 /* JSONHTTPClient.m */; };
		772291B61CD149E2003EC474 /* JSONModel+networking.m in Sources */ = {isa = PBXBuildFile; fileRef = 772291931CD149E2003EC474 /* JSONModel+networking.m */; };
		772291B71CD149E2003EC474 /* JSONKeyMapper.m in Sources */ = {isa = PBXBuildFile; fileRef = 772291961CD149E2003EC474 /* JSONKeyMapper.m */; };
		772291B81CD149E2003EC474 /* JSONValueTransformer.m in Sources */ = {isa = PBXBuildFile; fileRef = 772291981CD149E2003EC474 /* JSONValueTransformer.m */; };
		772BF9A71CC92BD300634C94 /* main.m in Sources */ = {isa = PBXBuildFile; fileRef = 772BF9A61CC92BD300634C94 /* main.m */; };
		772BF9AA1CC92BD300634C94 /* AppDelegate.m in Sources */ = {isa = PBXBuildFile; fileRef = 772BF9A91CC92BD300634C94 /* AppDelegate.m */; };
		772BF9AD1CC92BD300634C94 /* ViewController.m in Sources */ = {isa = PBXBuildFile; fileRef = 772BF9AC1CC92BD300634C94 /* ViewController.m */; };
		772BF9B01CC92BD300634C94 /* Main.storyboard in Resources */ = {isa = PBXBuildFile; fileRef = 772BF9AE1CC92BD300634C94 /* Main.storyboard */; };
		772BF9B21CC92BD300634C94 /* Assets.xcassets in Resources */ = {isa = PBXBuildFile; fileRef = 772BF9B11CC92BD300634C94 /* Assets.xcassets */; };
		772BF9B51CC92BD300634C94 /* LaunchScreen.storyboard in Resources */ = {isa = PBXBuildFile; fileRef = 772BF9B31CC92BD300634C94 /* LaunchScreen.storyboard */; };
		772BFAB21CC94ADA00634C94 /* MapKit.framework in Frameworks */ = {isa = PBXBuildFile; fileRef = 772BFAB11CC94ADA00634C94 /* MapKit.framework */; };
		772BFAB41CC94AE100634C94 /* CoreLocation.framework in Frameworks */ = {isa = PBXBuildFile; fileRef = 772BFAB31CC94AE100634C94 /* CoreLocation.framework */; };
		772BFAB61CC94AFE00634C94 /* Foundation.framework in Frameworks */ = {isa = PBXBuildFile; fileRef = 772BFAB51CC94AFE00634C94 /* Foundation.framework */; };
		772BFAB81CC94B0400634C94 /* CoreGraphics.framework in Frameworks */ = {isa = PBXBuildFile; fileRef = 772BFAB71CC94B0400634C94 /* CoreGraphics.framework */; };
		772BFABA1CC94B0C00634C94 /* UIKit.framework in Frameworks */ = {isa = PBXBuildFile; fileRef = 772BFAB91CC94B0C00634C94 /* UIKit.framework */; };
/* End PBXBuildFile section */

/* Begin PBXFileReference section */
		772291501CD149E2003EC474 /* AFHTTPRequestOperation.h */ = {isa = PBXFileReference; fileEncoding = 4; lastKnownFileType = sourcecode.c.h; path = AFHTTPRequestOperation.h; sourceTree = "<group>"; };
		772291511CD149E2003EC474 /* AFHTTPRequestOperation.m */ = {isa = PBXFileReference; fileEncoding = 4; lastKnownFileType = sourcecode.c.objc; path = AFHTTPRequestOperation.m; sourceTree = "<group>"; };
		772291521CD149E2003EC474 /* AFHTTPRequestOperationManager.h */ = {isa = PBXFileReference; fileEncoding = 4; lastKnownFileType = sourcecode.c.h; path = AFHTTPRequestOperationManager.h; sourceTree = "<group>"; };
		772291531CD149E2003EC474 /* AFHTTPRequestOperationManager.m */ = {isa = PBXFileReference; fileEncoding = 4; lastKnownFileType = sourcecode.c.objc; path = AFHTTPRequestOperationManager.m; sourceTree = "<group>"; };
		772291541CD149E2003EC474 /* AFHTTPSessionManager.h */ = {isa = PBXFileReference; fileEncoding = 4; lastKnownFileType = sourcecode.c.h; path = AFHTTPSessionManager.h; sourceTree = "<group>"; };
		772291551CD149E2003EC474 /* AFHTTPSessionManager.m */ = {isa = PBXFileReference; fileEncoding = 4; lastKnownFileType = sourcecode.c.objc; path = AFHTTPSessionManager.m; sourceTree = "<group>"; };
		772291561CD149E2003EC474 /* AFNetworking.h */ = {isa = PBXFileReference; fileEncoding = 4; lastKnownFileType = sourcecode.c.h; path = AFNetworking.h; sourceTree = "<group>"; };
		772291571CD149E2003EC474 /* AFNetworkReachabilityManager.h */ = {isa = PBXFileReference; fileEncoding = 4; lastKnownFileType = sourcecode.c.h; path = AFNetworkReachabilityManager.h; sourceTree = "<group>"; };
		772291581CD149E2003EC474 /* AFNetworkReachabilityManager.m */ = {isa = PBXFileReference; fileEncoding = 4; lastKnownFileType = sourcecode.c.objc; path = AFNetworkReachabilityManager.m; sourceTree = "<group>"; };
		772291591CD149E2003EC474 /* AFSecurityPolicy.h */ = {isa = PBXFileReference; fileEncoding = 4; lastKnownFileType = sourcecode.c.h; path = AFSecurityPolicy.h; sourceTree = "<group>"; };
		7722915A1CD149E2003EC474 /* AFSecurityPolicy.m */ = {isa = PBXFileReference; fileEncoding = 4; lastKnownFileType = sourcecode.c.objc; path = AFSecurityPolicy.m; sourceTree = "<group>"; };
		7722915B1CD149E2003EC474 /* AFURLConnectionOperation.h */ = {isa = PBXFileReference; fileEncoding = 4; lastKnownFileType = sourcecode.c.h; path = AFURLConnectionOperation.h; sourceTree = "<group>"; };
		7722915C1CD149E2003EC474 /* AFURLConnectionOperation.m */ = {isa = PBXFileReference; fileEncoding = 4; lastKnownFileType = sourcecode.c.objc; path = AFURLConnectionOperation.m; sourceTree = "<group>"; };
		7722915D1CD149E2003EC474 /* AFURLRequestSerialization.h */ = {isa = PBXFileReference; fileEncoding = 4; lastKnownFileType = sourcecode.c.h; path = AFURLRequestSerialization.h; sourceTree = "<group>"; };
		7722915E1CD149E2003EC474 /* AFURLRequestSerialization.m */ = {isa = PBXFileReference; fileEncoding = 4; lastKnownFileType = sourcecode.c.objc; path = AFURLRequestSerialization.m; sourceTree = "<group>"; };
		7722915F1CD149E2003EC474 /* AFURLResponseSerialization.h */ = {isa = PBXFileReference; fileEncoding = 4; lastKnownFileType = sourcecode.c.h; path = AFURLResponseSerialization.h; sourceTree = "<group>"; };
		772291601CD149E2003EC474 /* AFURLResponseSerialization.m */ = {isa = PBXFileReference; fileEncoding = 4; lastKnownFileType = sourcecode.c.objc; path = AFURLResponseSerialization.m; sourceTree = "<group>"; };
		772291611CD149E2003EC474 /* AFURLSessionManager.h */ = {isa = PBXFileReference; fileEncoding = 4; lastKnownFileType = sourcecode.c.h; path = AFURLSessionManager.h; sourceTree = "<group>"; };
		772291621CD149E2003EC474 /* AFURLSessionManager.m */ = {isa = PBXFileReference; fileEncoding = 4; lastKnownFileType = sourcecode.c.objc; path = AFURLSessionManager.m; sourceTree = "<group>"; };
		772291651CD149E2003EC474 /* APTimeZones.h */ = {isa = PBXFileReference; fileEncoding = 4; lastKnownFileType = sourcecode.c.h; path = APTimeZones.h; sourceTree = "<group>"; };
		772291661CD149E2003EC474 /* APTimeZones.m */ = {isa = PBXFileReference; fileEncoding = 4; lastKnownFileType = sourcecode.c.objc; path = APTimeZones.m; sourceTree = "<group>"; };
		772291681CD149E2003EC474 /* CLLocation+APTimeZones.h */ = {isa = PBXFileReference; fileEncoding = 4; lastKnownFileType = sourcecode.c.h; path = "CLLocation+APTimeZones.h"; sourceTree = "<group>"; };
		772291691CD149E2003EC474 /* CLLocation+APTimeZones.m */ = {isa = PBXFileReference; fileEncoding = 4; lastKnownFileType = sourcecode.c.objc; path = "CLLocation+APTimeZones.m"; sourceTree = "<group>"; };
		7722916A1CD149E2003EC474 /* CLPlacemark+APTimeZones.h */ = {isa = PBXFileReference; fileEncoding = 4; lastKnownFileType = sourcecode.c.h; path = "CLPlacemark+APTimeZones.h"; sourceTree = "<group>"; };
		7722916B1CD149E2003EC474 /* CLPlacemark+APTimeZones.m */ = {isa = PBXFileReference; fileEncoding = 4; lastKnownFileType = sourcecode.c.objc; path = "CLPlacemark+APTimeZones.m"; sourceTree = "<group>"; };
		7722916C1CD149E2003EC474 /* timezonesDB.json */ = {isa = PBXFileReference; fileEncoding = 4; lastKnownFileType = text.json; path = timezonesDB.json; sourceTree = "<group>"; };
		7722916D1CD149E2003EC474 /* JFWeatherData.h */ = {isa = PBXFileReference; fileEncoding = 4; lastKnownFileType = sourcecode.c.h; path = JFWeatherData.h; sourceTree = "<group>"; };
		7722916E1CD149E2003EC474 /* JFWeatherData.m */ = {isa = PBXFileReference; fileEncoding = 4; lastKnownFileType = sourcecode.c.objc; path = JFWeatherData.m; sourceTree = "<group>"; };
		7722916F1CD149E2003EC474 /* JFWeatherManager.h */ = {isa = PBXFileReference; fileEncoding = 4; lastKnownFileType = sourcecode.c.h; path = JFWeatherManager.h; sourceTree = "<group>"; };
		772291701CD149E2003EC474 /* JFWeatherManager.m */ = {isa = PBXFileReference; fileEncoding = 4; lastKnownFileType = sourcecode.c.objc; path = JFWeatherManager.m; sourceTree = "<group>"; };
		772291721CD149E2003EC474 /* Clouds.h */ = {isa = PBXFileReference; fileEncoding = 4; lastKnownFileType = sourcecode.c.h; path = Clouds.h; sourceTree = "<group>"; };
		772291731CD149E2003EC474 /* Clouds.m */ = {isa = PBXFileReference; fileEncoding = 4; lastKnownFileType = sourcecode.c.objc; path = Clouds.m; sourceTree = "<group>"; };
		772291741CD149E2003EC474 /* Coord.h */ = {isa = PBXFileReference; fileEncoding = 4; lastKnownFileType = sourcecode.c.h; path = Coord.h; sourceTree = "<group>"; };
		772291751CD149E2003EC474 /* Coord.m */ = {isa = PBXFileReference; fileEncoding = 4; lastKnownFileType = sourcecode.c.objc; path = Coord.m; sourceTree = "<group>"; };
		772291761CD149E2003EC474 /* DataModels.h */ = {isa = PBXFileReference; fileEncoding = 4; lastKnownFileType = sourcecode.c.h; path = DataModels.h; sourceTree = "<group>"; };
		772291771CD149E2003EC474 /* Main.h */ = {isa = PBXFileReference; fileEncoding = 4; lastKnownFileType = sourcecode.c.h; path = Main.h; sourceTree = "<group>"; };
		772291781CD149E2003EC474 /* Main.m */ = {isa = PBXFileReference; fileEncoding = 4; lastKnownFileType = sourcecode.c.objc; path = Main.m; sourceTree = "<group>"; };
		772291791CD149E2003EC474 /* Rain.h */ = {isa = PBXFileReference; fileEncoding = 4; lastKnownFileType = sourcecode.c.h; path = Rain.h; sourceTree = "<group>"; };
		7722917A1CD149E2003EC474 /* Rain.m */ = {isa = PBXFileReference; fileEncoding = 4; lastKnownFileType = sourcecode.c.objc; path = Rain.m; sourceTree = "<group>"; };
		7722917B1CD149E2003EC474 /* Snow.h */ = {isa = PBXFileReference; fileEncoding = 4; lastKnownFileType = sourcecode.c.h; path = Snow.h; sourceTree = "<group>"; };
		7722917C1CD149E2003EC474 /* Snow.m */ = {isa = PBXFileReference; fileEncoding = 4; lastKnownFileType = sourcecode.c.objc; path = Snow.m; sourceTree = "<group>"; };
		7722917D1CD149E2003EC474 /* Sys.h */ = {isa = PBXFileReference; fileEncoding = 4; lastKnownFileType = sourcecode.c.h; path = Sys.h; sourceTree = "<group>"; };
		7722917E1CD149E2003EC474 /* Sys.m */ = {isa = PBXFileReference; fileEncoding = 4; lastKnownFileType = sourcecode.c.objc; path = Sys.m; sourceTree = "<group>"; };
		7722917F1CD149E2003EC474 /* Weather.h */ = {isa = PBXFileReference; fileEncoding = 4; lastKnownFileType = sourcecode.c.h; path = Weather.h; sourceTree = "<group>"; };
		772291801CD149E2003EC474 /* Weather.m */ = {isa = PBXFileReference; fileEncoding = 4; lastKnownFileType = sourcecode.c.objc; path = Weather.m; sourceTree = "<group>"; };
		772291811CD149E2003EC474 /* Wind.h */ = {isa = PBXFileReference; fileEncoding = 4; lastKnownFileType = sourcecode.c.h; path = Wind.h; sourceTree = "<group>"; };
		772291821CD149E2003EC474 /* Wind.m */ = {isa = PBXFileReference; fileEncoding = 4; lastKnownFileType = sourcecode.c.objc; path = Wind.m; sourceTree = "<group>"; };
		772291841CD149E2003EC474 /* Info.plist */ = {isa = PBXFileReference; fileEncoding = 4; lastKnownFileType = text.plist.xml; path = Info.plist; sourceTree = "<group>"; };
		772291861CD149E2003EC474 /* JSONModel.h */ = {isa = PBXFileReference; fileEncoding = 4; lastKnownFileType = sourcecode.c.h; path = JSONModel.h; sourceTree = "<group>"; };
		772291871CD149E2003EC474 /* JSONModel.m */ = {isa = PBXFileReference; fileEncoding = 4; lastKnownFileType = sourcecode.c.objc; path = JSONModel.m; sourceTree = "<group>"; };
		772291881CD149E2003EC474 /* JSONModelClassProperty.h */ = {isa = PBXFileReference; fileEncoding = 4; lastKnownFileType = sourcecode.c.h; path = JSONModelClassProperty.h; sourceTree = "<group>"; };
		772291891CD149E2003EC474 /* JSONModelClassProperty.m */ = {isa = PBXFileReference; fileEncoding = 4; lastKnownFileType = sourcecode.c.objc; path = JSONModelClassProperty.m; sourceTree = "<group>"; };
		7722918A1CD149E2003EC474 /* JSONModelError.h */ = {isa = PBXFileReference; fileEncoding = 4; lastKnownFileType = sourcecode.c.h; path = JSONModelError.h; sourceTree = "<group>"; };
		7722918B1CD149E2003EC474 /* JSONModelError.m */ = {isa = PBXFileReference; fileEncoding = 4; lastKnownFileType = sourcecode.c.objc; path = JSONModelError.m; sourceTree = "<group>"; };
		7722918C1CD149E2003EC474 /* JSONModelLib.h */ = {isa = PBXFileReference; fileEncoding = 4; lastKnownFileType = sourcecode.c.h; path = JSONModelLib.h; sourceTree = "<group>"; };
		7722918E1CD149E2003EC474 /* JSONAPI.h */ = {isa = PBXFileReference; fileEncoding = 4; lastKnownFileType = sourcecode.c.h; path = JSONAPI.h; sourceTree = "<group>"; };
		7722918F1CD149E2003EC474 /* JSONAPI.m */ = {isa = PBXFileReference; fileEncoding = 4; lastKnownFileType = sourcecode.c.objc; path = JSONAPI.m; sourceTree = "<group>"; };
		772291901CD149E2003EC474 /* JSONHTTPClient.h */ = {isa = PBXFileReference; fileEncoding = 4; lastKnownFileType = sourcecode.c.h; path = JSONHTTPClient.h; sourceTree = "<group>"; };
		772291911CD149E2003EC474 /* JSONHTTPClient.m */ = {isa = PBXFileReference; fileEncoding = 4; lastKnownFileType = sourcecode.c.objc; path = JSONHTTPClient.m; sourceTree = "<group>"; };
		772291921CD149E2003EC474 /* JSONModel+networking.h */ = {isa = PBXFileReference; fileEncoding = 4; lastKnownFileType = sourcecode.c.h; path = "JSONModel+networking.h"; sourceTree = "<group>"; };
		772291931CD149E2003EC474 /* JSONModel+networking.m */ = {isa = PBXFileReference; fileEncoding = 4; lastKnownFileType = sourcecode.c.objc; path = "JSONModel+networking.m"; sourceTree = "<group>"; };
		772291951CD149E2003EC474 /* JSONKeyMapper.h */ = {isa = PBXFileReference; fileEncoding = 4; lastKnownFileType = sourcecode.c.h; path = JSONKeyMapper.h; sourceTree = "<group>"; };
		772291961CD149E2003EC474 /* JSONKeyMapper.m */ = {isa = PBXFileReference; fileEncoding = 4; lastKnownFileType = sourcecode.c.objc; path = JSONKeyMapper.m; sourceTree = "<group>"; };
		772291971CD149E2003EC474 /* JSONValueTransformer.h */ = {isa = PBXFileReference; fileEncoding = 4; lastKnownFileType = sourcecode.c.h; path = JSONValueTransformer.h; sourceTree = "<group>"; };
		772291981CD149E2003EC474 /* JSONValueTransformer.m */ = {isa = PBXFileReference; fileEncoding = 4; lastKnownFileType = sourcecode.c.objc; path = JSONValueTransformer.m; sourceTree = "<group>"; };
		772BF9A21CC92BD300634C94 /* Current Weather.app */ = {isa = PBXFileReference; explicitFileType = wrapper.application; includeInIndex = 0; path = "Current Weather.app"; sourceTree = BUILT_PRODUCTS_DIR; };
		772BF9A61CC92BD300634C94 /* main.m */ = {isa = PBXFileReference; lastKnownFileType = sourcecode.c.objc; path = main.m; sourceTree = "<group>"; };
		772BF9A81CC92BD300634C94 /* AppDelegate.h */ = {isa = PBXFileReference; lastKnownFileType = sourcecode.c.h; path = AppDelegate.h; sourceTree = "<group>"; };
		772BF9A91CC92BD300634C94 /* AppDelegate.m */ = {isa = PBXFileReference; lastKnownFileType = sourcecode.c.objc; path = AppDelegate.m; sourceTree = "<group>"; };
		772BF9AB1CC92BD300634C94 /* ViewController.h */ = {isa = PBXFileReference; lastKnownFileType = sourcecode.c.h; path = ViewController.h; sourceTree = "<group>"; };
		772BF9AC1CC92BD300634C94 /* ViewController.m */ = {isa = PBXFileReference; lastKnownFileType = sourcecode.c.objc; path = ViewController.m; sourceTree = "<group>"; };
		772BF9AF1CC92BD300634C94 /* Base */ = {isa = PBXFileReference; lastKnownFileType = file.storyboard; name = Base; path = Base.lproj/Main.storyboard; sourceTree = "<group>"; };
		772BF9B11CC92BD300634C94 /* Assets.xcassets */ = {isa = PBXFileReference; lastKnownFileType = folder.assetcatalog; path = Assets.xcassets; sourceTree = "<group>"; };
		772BF9B41CC92BD300634C94 /* Base */ = {isa = PBXFileReference; lastKnownFileType = file.storyboard; name = Base; path = Base.lproj/LaunchScreen.storyboard; sourceTree = "<group>"; };
		772BF9B61CC92BD300634C94 /* Info.plist */ = {isa = PBXFileReference; lastKnownFileType = text.plist.xml; path = Info.plist; sourceTree = "<group>"; };
		772BFAB11CC94ADA00634C94 /* MapKit.framework */ = {isa = PBXFileReference; lastKnownFileType = wrapper.framework; name = MapKit.framework; path = System/Library/Frameworks/MapKit.framework; sourceTree = SDKROOT; };
		772BFAB31CC94AE100634C94 /* CoreLocation.framework */ = {isa = PBXFileReference; lastKnownFileType = wrapper.framework; name = CoreLocation.framework; path = System/Library/Frameworks/CoreLocation.framework; sourceTree = SDKROOT; };
		772BFAB51CC94AFE00634C94 /* Foundation.framework */ = {isa = PBXFileReference; lastKnownFileType = wrapper.framework; name = Foundation.framework; path = System/Library/Frameworks/Foundation.framework; sourceTree = SDKROOT; };
		772BFAB71CC94B0400634C94 /* CoreGraphics.framework */ = {isa = PBXFileReference; lastKnownFileType = wrapper.framework; name = CoreGraphics.framework; path = System/Library/Frameworks/CoreGraphics.framework; sourceTree = SDKROOT; };
		772BFAB91CC94B0C00634C94 /* UIKit.framework */ = {isa = PBXFileReference; lastKnownFileType = wrapper.framework; name = UIKit.framework; path = System/Library/Frameworks/UIKit.framework; sourceTree = SDKROOT; };
/* End PBXFileReference section */

/* Begin PBXFrameworksBuildPhase section */
		772BF99F1CC92BD300634C94 /* Frameworks */ = {
			isa = PBXFrameworksBuildPhase;
			buildActionMask = 2147483647;
			files = (
				772BFABA1CC94B0C00634C94 /* UIKit.framework in Frameworks */,
				772BFAB81CC94B0400634C94 /* CoreGraphics.framework in Frameworks */,
				772BFAB61CC94AFE00634C94 /* Foundation.framework in Frameworks */,
				772BFAB41CC94AE100634C94 /* CoreLocation.framework in Frameworks */,
				772BFAB21CC94ADA00634C94 /* MapKit.framework in Frameworks */,
			);
			runOnlyForDeploymentPostprocessing = 0;
		};
/* End PBXFrameworksBuildPhase section */

/* Begin PBXGroup section */
		7722914D1CD149E2003EC474 /* thirdparty */ = {
			isa = PBXGroup;
			children = (
				7722914E1CD149E2003EC474 /* JFOpenWeatherMapManager */,
				772291831CD149E2003EC474 /* JSONModel */,
			);
			path = thirdparty;
			sourceTree = "<group>";
		};
		7722914E1CD149E2003EC474 /* JFOpenWeatherMapManager */ = {
			isa = PBXGroup;
			children = (
				7722914F1CD149E2003EC474 /* AFNetworking */,
				772291631CD149E2003EC474 /* source */,
			);
			path = JFOpenWeatherMapManager;
			sourceTree = "<group>";
		};
		7722914F1CD149E2003EC474 /* AFNetworking */ = {
			isa = PBXGroup;
			children = (
				772291501CD149E2003EC474 /* AFHTTPRequestOperation.h */,
				772291511CD149E2003EC474 /* AFHTTPRequestOperation.m */,
				772291521CD149E2003EC474 /* AFHTTPRequestOperationManager.h */,
				772291531CD149E2003EC474 /* AFHTTPRequestOperationManager.m */,
				772291541CD149E2003EC474 /* AFHTTPSessionManager.h */,
				772291551CD149E2003EC474 /* AFHTTPSessionManager.m */,
				772291561CD149E2003EC474 /* AFNetworking.h */,
				772291571CD149E2003EC474 /* AFNetworkReachabilityManager.h */,
				772291581CD149E2003EC474 /* AFNetworkReachabilityManager.m */,
				772291591CD149E2003EC474 /* AFSecurityPolicy.h */,
				7722915A1CD149E2003EC474 /* AFSecurityPolicy.m */,
				7722915B1CD149E2003EC474 /* AFURLConnectionOperation.h */,
				7722915C1CD149E2003EC474 /* AFURLConnectionOperation.m */,
				7722915D1CD149E2003EC474 /* AFURLRequestSerialization.h */,
				7722915E1CD149E2003EC474 /* AFURLRequestSerialization.m */,
				7722915F1CD149E2003EC474 /* AFURLResponseSerialization.h */,
				772291601CD149E2003EC474 /* AFURLResponseSerialization.m */,
				772291611CD149E2003EC474 /* AFURLSessionManager.h */,
				772291621CD149E2003EC474 /* AFURLSessionManager.m */,
			);
			path = AFNetworking;
			sourceTree = "<group>";
		};
		772291631CD149E2003EC474 /* source */ = {
			isa = PBXGroup;
			children = (
				772291641CD149E2003EC474 /* APTimeZones */,
				7722916D1CD149E2003EC474 /* JFWeatherData.h */,
				7722916E1CD149E2003EC474 /* JFWeatherData.m */,
				7722916F1CD149E2003EC474 /* JFWeatherManager.h */,
				772291701CD149E2003EC474 /* JFWeatherManager.m */,
				772291711CD149E2003EC474 /* WeatherModel */,
			);
			path = source;
			sourceTree = "<group>";
		};
		772291641CD149E2003EC474 /* APTimeZones */ = {
			isa = PBXGroup;
			children = (
				772291651CD149E2003EC474 /* APTimeZones.h */,
				772291661CD149E2003EC474 /* APTimeZones.m */,
				772291671CD149E2003EC474 /* Categories */,
				7722916C1CD149E2003EC474 /* timezonesDB.json */,
			);
			path = APTimeZones;
			sourceTree = "<group>";
		};
		772291671CD149E2003EC474 /* Categories */ = {
			isa = PBXGroup;
			children = (
				772291681CD149E2003EC474 /* CLLocation+APTimeZones.h */,
				772291691CD149E2003EC474 /* CLLocation+APTimeZones.m */,
				7722916A1CD149E2003EC474 /* CLPlacemark+APTimeZones.h */,
				7722916B1CD149E2003EC474 /* CLPlacemark+APTimeZones.m */,
			);
			path = Categories;
			sourceTree = "<group>";
		};
		772291711CD149E2003EC474 /* WeatherModel */ = {
			isa = PBXGroup;
			children = (
				772291721CD149E2003EC474 /* Clouds.h */,
				772291731CD149E2003EC474 /* Clouds.m */,
				772291741CD149E2003EC474 /* Coord.h */,
				772291751CD149E2003EC474 /* Coord.m */,
				772291761CD149E2003EC474 /* DataModels.h */,
				772291771CD149E2003EC474 /* Main.h */,
				772291781CD149E2003EC474 /* Main.m */,
				772291791CD149E2003EC474 /* Rain.h */,
				7722917A1CD149E2003EC474 /* Rain.m */,
				7722917B1CD149E2003EC474 /* Snow.h */,
				7722917C1CD149E2003EC474 /* Snow.m */,
				7722917D1CD149E2003EC474 /* Sys.h */,
				7722917E1CD149E2003EC474 /* Sys.m */,
				7722917F1CD149E2003EC474 /* Weather.h */,
				772291801CD149E2003EC474 /* Weather.m */,
				772291811CD149E2003EC474 /* Wind.h */,
				772291821CD149E2003EC474 /* Wind.m */,
			);
			path = WeatherModel;
			sourceTree = "<group>";
		};
		772291831CD149E2003EC474 /* JSONModel */ = {
			isa = PBXGroup;
			children = (
				772291841CD149E2003EC474 /* Info.plist */,
				772291851CD149E2003EC474 /* JSONModel */,
				7722918C1CD149E2003EC474 /* JSONModelLib.h */,
				7722918D1CD149E2003EC474 /* JSONModelNetworking */,
				772291941CD149E2003EC474 /* JSONModelTransformations */,
			);
			path = JSONModel;
			sourceTree = "<group>";
		};
		772291851CD149E2003EC474 /* JSONModel */ = {
			isa = PBXGroup;
			children = (
				772291861CD149E2003EC474 /* JSONModel.h */,
				772291871CD149E2003EC474 /* JSONModel.m */,
				772291881CD149E2003EC474 /* JSONModelClassProperty.h */,
				772291891CD149E2003EC474 /* JSONModelClassProperty.m */,
				7722918A1CD149E2003EC474 /* JSONModelError.h */,
				7722918B1CD149E2003EC474 /* JSONModelError.m */,
			);
			path = JSONModel;
			sourceTree = "<group>";
		};
		7722918D1CD149E2003EC474 /* JSONModelNetworking */ = {
			isa = PBXGroup;
			children = (
				7722918E1CD149E2003EC474 /* JSONAPI.h */,
				7722918F1CD149E2003EC474 /* JSONAPI.m */,
				772291901CD149E2003EC474 /* JSONHTTPClient.h */,
				772291911CD149E2003EC474 /* JSONHTTPClient.m */,
				772291921CD149E2003EC474 /* JSONModel+networking.h */,
				772291931CD149E2003EC474 /* JSONModel+networking.m */,
			);
			path = JSONModelNetworking;
			sourceTree = "<group>";
		};
		772291941CD149E2003EC474 /* JSONModelTransformations */ = {
			isa = PBXGroup;
			children = (
				772291951CD149E2003EC474 /* JSONKeyMapper.h */,
				772291961CD149E2003EC474 /* JSONKeyMapper.m */,
				772291971CD149E2003EC474 /* JSONValueTransformer.h */,
				772291981CD149E2003EC474 /* JSONValueTransformer.m */,
			);
			path = JSONModelTransformations;
			sourceTree = "<group>";
		};
		772BF9991CC92BD300634C94 = {
			isa = PBXGroup;
			children = (
				772BFAB91CC94B0C00634C94 /* UIKit.framework */,
				772BFAB71CC94B0400634C94 /* CoreGraphics.framework */,
				772BFAB51CC94AFE00634C94 /* Foundation.framework */,
				772BFAB31CC94AE100634C94 /* CoreLocation.framework */,
				772BFAB11CC94ADA00634C94 /* MapKit.framework */,
				772BF9A41CC92BD300634C94 /* Current Weather */,
				772BF9A31CC92BD300634C94 /* Products */,
			);
			sourceTree = "<group>";
		};
		772BF9A31CC92BD300634C94 /* Products */ = {
			isa = PBXGroup;
			children = (
				772BF9A21CC92BD300634C94 /* Current Weather.app */,
			);
			name = Products;
			sourceTree = "<group>";
		};
		772BF9A41CC92BD300634C94 /* Current Weather */ = {
			isa = PBXGroup;
			children = (
				7722914D1CD149E2003EC474 /* thirdparty */,
				772BF9A81CC92BD300634C94 /* AppDelegate.h */,
				772BF9A91CC92BD300634C94 /* AppDelegate.m */,
				772BF9AB1CC92BD300634C94 /* ViewController.h */,
				772BF9AC1CC92BD300634C94 /* ViewController.m */,
				772BF9AE1CC92BD300634C94 /* Main.storyboard */,
				772BF9B11CC92BD300634C94 /* Assets.xcassets */,
				772BF9B31CC92BD300634C94 /* LaunchScreen.storyboard */,
				772BF9B61CC92BD300634C94 /* Info.plist */,
				772BF9A51CC92BD300634C94 /* Supporting Files */,
			);
			path = "Current Weather";
			sourceTree = "<group>";
		};
		772BF9A51CC92BD300634C94 /* Supporting Files */ = {
			isa = PBXGroup;
			children = (
				772BF9A61CC92BD300634C94 /* main.m */,
			);
			name = "Supporting Files";
			sourceTree = "<group>";
		};
/* End PBXGroup section */

/* Begin PBXNativeTarget section */
		772BF9A11CC92BD300634C94 /* Current Weather */ = {
			isa = PBXNativeTarget;
			buildConfigurationList = 772BF9B91CC92BD300634C94 /* Build configuration list for PBXNativeTarget "Current Weather" */;
			buildPhases = (
				772BF99E1CC92BD300634C94 /* Sources */,
				772BF99F1CC92BD300634C94 /* Frameworks */,
				772BF9A01CC92BD300634C94 /* Resources */,
			);
			buildRules = (
			);
			dependencies = (
			);
			name = "Current Weather";
			productName = "Current Weather";
			productReference = 772BF9A21CC92BD300634C94 /* Current Weather.app */;
			productType = "com.apple.product-type.application";
		};
/* End PBXNativeTarget section */

/* Begin PBXProject section */
		772BF99A1CC92BD300634C94 /* Project object */ = {
			isa = PBXProject;
			attributes = {
				LastUpgradeCheck = 0730;
				ORGANIZATIONNAME = "Partho Biswas";
				TargetAttributes = {
					772BF9A11CC92BD300634C94 = {
						CreatedOnToolsVersion = 7.3;
					};
				};
			};
			buildConfigurationList = 772BF99D1CC92BD300634C94 /* Build configuration list for PBXProject "Current Weather" */;
			compatibilityVersion = "Xcode 3.2";
			developmentRegion = English;
			hasScannedForEncodings = 0;
			knownRegions = (
				en,
				Base,
			);
			mainGroup = 772BF9991CC92BD300634C94;
			productRefGroup = 772BF9A31CC92BD300634C94 /* Products */;
			projectDirPath = "";
			projectRoot = "";
			targets = (
				772BF9A11CC92BD300634C94 /* Current Weather */,
			);
		};
/* End PBXProject section */

/* Begin PBXResourcesBuildPhase section */
		772BF9A01CC92BD300634C94 /* Resources */ = {
			isa = PBXResourcesBuildPhase;
			buildActionMask = 2147483647;
			files = (
				772291A51CD149E2003EC474 /* timezonesDB.json in Resources */,
				772BF9B51CC92BD300634C94 /* LaunchScreen.storyboard in Resources */,
				772BF9B21CC92BD300634C94 /* Assets.xcassets in Resources */,
				772291B01CD149E2003EC474 /* Info.plist in Resources */,
				772BF9B01CC92BD300634C94 /* Main.storyboard in Resources */,
			);
			runOnlyForDeploymentPostprocessing = 0;
		};
/* End PBXResourcesBuildPhase section */

/* Begin PBXSourcesBuildPhase section */
		772BF99E1CC92BD300634C94 /* Sources */ = {
			isa = PBXSourcesBuildPhase;
			buildActionMask = 2147483647;
			files = (
				772291B51CD149E2003EC474 /* JSONHTTPClient.m in Sources */,
				772291AF1CD149E2003EC474 /* Wind.m in Sources */,
				772291991CD149E2003EC474 /* AFHTTPRequestOperation.m in Sources */,
				772BF9AD1CC92BD300634C94 /* ViewController.m in Sources */,
				7722919A1CD149E2003EC474 /* AFHTTPRequestOperationManager.m in Sources */,
				7722919C1CD149E2003EC474 /* AFNetworkReachabilityManager.m in Sources */,
				772291AB1CD149E2003EC474 /* Rain.m in Sources */,
				772291A61CD149E2003EC474 /* JFWeatherData.m in Sources */,
				772291A01CD149E2003EC474 /* AFURLResponseSerialization.m in Sources */,
				772291B31CD149E2003EC474 /* JSONModelError.m in Sources */,
				7722919E1CD149E2003EC474 /* AFURLConnectionOperation.m in Sources */,
				772291B11CD149E2003EC474 /* JSONModel.m in Sources */,
				772291AD1CD149E2003EC474 /* Sys.m in Sources */,
				772291A41CD149E2003EC474 /* CLPlacemark+APTimeZones.m in Sources */,
				772291B41CD149E2003EC474 /* JSONAPI.m in Sources */,
				7722919D1CD149E2003EC474 /* AFSecurityPolicy.m in Sources */,
				772291A91CD149E2003EC474 /* Coord.m in Sources */,
				772291B81CD149E2003EC474 /* JSONValueTransformer.m in Sources */,
				772291AE1CD149E2003EC474 /* Weather.m in Sources */,
				772291B71CD149E2003EC474 /* JSONKeyMapper.m in Sources */,
				772291AA1CD149E2003EC474 /* Main.m in Sources */,
				772291A71CD149E2003EC474 /* JFWeatherManager.m in Sources */,
				7722919B1CD149E2003EC474 /* AFHTTPSessionManager.m in Sources */,
				772291A81CD149E2003EC474 /* Clouds.m in Sources */,
				772291B61CD149E2003EC474 /* JSONModel+networking.m in Sources */,
				7722919F1CD149E2003EC474 /* AFURLRequestSerialization.m in Sources */,
				772291B21CD149E2003EC474 /* JSONModelClassProperty.m in Sources */,
				772291A21CD149E2003EC474 /* APTimeZones.m in Sources */,
				772291A11CD149E2003EC474 /* AFURLSessionManager.m in Sources */,
				772291AC1CD149E2003EC474 /* Snow.m in Sources */,
				772BF9AA1CC92BD300634C94 /* AppDelegate.m in Sources */,
				772BF9A71CC92BD300634C94 /* main.m in Sources */,
				772291A31CD149E2003EC474 /* CLLocation+APTimeZones.m in Sources */,
			);
			runOnlyForDeploymentPostprocessing = 0;
		};
/* End PBXSourcesBuildPhase section */

/* Begin PBXVariantGroup section */
		772BF9AE1CC92BD300634C94 /* Main.storyboard */ = {
			isa = PBXVariantGroup;
			children = (
				772BF9AF1CC92BD300634C94 /* Base */,
			);
			name = Main.storyboard;
			sourceTree = "<group>";
		};
		772BF9B31CC92BD300634C94 /* LaunchScreen.storyboard */ = {
			isa = PBXVariantGroup;
			children = (
				772BF9B41CC92BD300634C94 /* Base */,
			);
			name = LaunchScreen.storyboard;
			sourceTree = "<group>";
		};
/* End PBXVariantGroup section */

/* Begin XCBuildConfiguration section */
		772BF9B71CC92BD300634C94 /* Debug */ = {
			isa = XCBuildConfiguration;
			buildSettings = {
				ALWAYS_SEARCH_USER_PATHS = NO;
				CLANG_ANALYZER_NONNULL = YES;
				CLANG_CXX_LANGUAGE_STANDARD = "gnu++0x";
				CLANG_CXX_LIBRARY = "libc++";
				CLANG_ENABLE_MODULES = YES;
				CLANG_ENABLE_OBJC_ARC = YES;
				CLANG_WARN_BOOL_CONVERSION = YES;
				CLANG_WARN_CONSTANT_CONVERSION = YES;
				CLANG_WARN_DIRECT_OBJC_ISA_USAGE = YES_ERROR;
				CLANG_WARN_EMPTY_BODY = YES;
				CLANG_WARN_ENUM_CONVERSION = YES;
				CLANG_WARN_INT_CONVERSION = YES;
				CLANG_WARN_OBJC_ROOT_CLASS = YES_ERROR;
				CLANG_WARN_UNREACHABLE_CODE = YES;
				CLANG_WARN__DUPLICATE_METHOD_MATCH = YES;
				"CODE_SIGN_IDENTITY[sdk=iphoneos*]" = "iPhone Developer";
				COPY_PHASE_STRIP = NO;
				DEBUG_INFORMATION_FORMAT = dwarf;
				ENABLE_STRICT_OBJC_MSGSEND = YES;
				ENABLE_TESTABILITY = YES;
				GCC_C_LANGUAGE_STANDARD = gnu99;
				GCC_DYNAMIC_NO_PIC = NO;
				GCC_NO_COMMON_BLOCKS = YES;
				GCC_OPTIMIZATION_LEVEL = 0;
				GCC_PREPROCESSOR_DEFINITIONS = (
					"DEBUG=1",
					"$(inherited)",
				);
				GCC_WARN_64_TO_32_BIT_CONVERSION = YES;
				GCC_WARN_ABOUT_RETURN_TYPE = YES_ERROR;
				GCC_WARN_UNDECLARED_SELECTOR = YES;
				GCC_WARN_UNINITIALIZED_AUTOS = YES_AGGRESSIVE;
				GCC_WARN_UNUSED_FUNCTION = YES;
				GCC_WARN_UNUSED_VARIABLE = YES;
				IPHONEOS_DEPLOYMENT_TARGET = 8.0;
				MTL_ENABLE_DEBUG_INFO = YES;
				ONLY_ACTIVE_ARCH = YES;
				SDKROOT = iphoneos;
			};
			name = Debug;
		};
		772BF9B81CC92BD300634C94 /* Release */ = {
			isa = XCBuildConfiguration;
			buildSettings = {
				ALWAYS_SEARCH_USER_PATHS = NO;
				CLANG_ANALYZER_NONNULL = YES;
				CLANG_CXX_LANGUAGE_STANDARD = "gnu++0x";
				CLANG_CXX_LIBRARY = "libc++";
				CLANG_ENABLE_MODULES = YES;
				CLANG_ENABLE_OBJC_ARC = YES;
				CLANG_WARN_BOOL_CONVERSION = YES;
				CLANG_WARN_CONSTANT_CONVERSION = YES;
				CLANG_WARN_DIRECT_OBJC_ISA_USAGE = YES_ERROR;
				CLANG_WARN_EMPTY_BODY = YES;
				CLANG_WARN_ENUM_CONVERSION = YES;
				CLANG_WARN_INT_CONVERSION = YES;
				CLANG_WARN_OBJC_ROOT_CLASS = YES_ERROR;
				CLANG_WARN_UNREACHABLE_CODE = YES;
				CLANG_WARN__DUPLICATE_METHOD_MATCH = YES;
				"CODE_SIGN_IDENTITY[sdk=iphoneos*]" = "iPhone Developer";
				COPY_PHASE_STRIP = NO;
				DEBUG_INFORMATION_FORMAT = "dwarf-with-dsym";
				ENABLE_NS_ASSERTIONS = NO;
				ENABLE_STRICT_OBJC_MSGSEND = YES;
				GCC_C_LANGUAGE_STANDARD = gnu99;
				GCC_NO_COMMON_BLOCKS = YES;
				GCC_WARN_64_TO_32_BIT_CONVERSION = YES;
				GCC_WARN_ABOUT_RETURN_TYPE = YES_ERROR;
				GCC_WARN_UNDECLARED_SELECTOR = YES;
				GCC_WARN_UNINITIALIZED_AUTOS = YES_AGGRESSIVE;
				GCC_WARN_UNUSED_FUNCTION = YES;
				GCC_WARN_UNUSED_VARIABLE = YES;
				IPHONEOS_DEPLOYMENT_TARGET = 8.0;
				MTL_ENABLE_DEBUG_INFO = NO;
				SDKROOT = iphoneos;
				VALIDATE_PRODUCT = YES;
			};
			name = Release;
		};
		772BF9BA1CC92BD300634C94 /* Debug */ = {
			isa = XCBuildConfiguration;
			buildSettings = {
				ASSETCATALOG_COMPILER_APPICON_NAME = AppIcon;
				INFOPLIST_FILE = "Current Weather/Info.plist";
				IPHONEOS_DEPLOYMENT_TARGET = 8.0;
				LD_RUNPATH_SEARCH_PATHS = "$(inherited) @executable_path/Frameworks";
				PRODUCT_BUNDLE_IDENTIFIER = "com.partho.Current-Weather";
				PRODUCT_NAME = "$(TARGET_NAME)";
				TARGETED_DEVICE_FAMILY = "1,2";
			};
			name = Debug;
		};
		772BF9BB1CC92BD300634C94 /* Release */ = {
			isa = XCBuildConfiguration;
			buildSettings = {
				ASSETCATALOG_COMPILER_APPICON_NAME = AppIcon;
				INFOPLIST_FILE = "Current Weather/Info.plist";
				IPHONEOS_DEPLOYMENT_TARGET = 8.0;
				LD_RUNPATH_SEARCH_PATHS = "$(inherited) @executable_path/Frameworks";
				PRODUCT_BUNDLE_IDENTIFIER = "com.partho.Current-Weather";
				PRODUCT_NAME = "$(TARGET_NAME)";
				TARGETED_DEVICE_FAMILY = "1,2";
			};
			name = Release;
		};
/* End XCBuildConfiguration section */

/* Begin XCConfigurationList section */
		772BF99D1CC92BD300634C94 /* Build configuration list for PBXProject "Current Weather" */ = {
			isa = XCConfigurationList;
			buildConfigurations = (
				772BF9B71CC92BD300634C94 /* Debug */,
				772BF9B81CC92BD300634C94 /* Release */,
			);
			defaultConfigurationIsVisible = 0;
			defaultConfigurationName = Release;
		};
		772BF9B91CC92BD300634C94 /* Build configuration list for PBXNativeTarget "Current Weather" */ = {
			isa = XCConfigurationList;
			buildConfigurations = (
				772BF9BA1CC92BD300634C94 /* Debug */,
				772BF9BB1CC92BD300634C94 /* Release */,
			);
			defaultConfigurationIsVisible = 0;
			defaultConfigurationName = Release;
		};
/* End XCConfigurationList section */
	};
	rootObject = 772BF99A1CC92BD300634C94 /* Project object */;
}
